
Microsoft Visual Studio Solution File, Format Version 12.00
# Visual Studio Version 17
VisualStudioVersion = 17.4.33213.308
MinimumVisualStudioVersion = 10.0.40219.1
Project("{8BC9CEB8-8B4A-11D0-8D11-00A0C91BC942}") = "hotel_registration", "hotel_registration.vcxproj", "{627BE677-A14A-4170-B90F-2058FCEF8B13}"
EndProject
Global
	GlobalSection(SolutionConfigurationPlatforms) = preSolution
		Debug|x64 = Debug|x64
		Debug|x86 = Debug|x86
		Release|x64 = Release|x64
		Release|x86 = Release|x86
	EndGlobalSection
	GlobalSection(ProjectConfigurationPlatforms) = postSolution
		{627BE677-A14A-4170-B90F-2058FCEF8B13}.Debug|x64.ActiveCfg = Debug|x64
		{627BE677-A14A-4170-B90F-2058FCEF8B13}.Debug|x64.Build.0 = Debug|x64
		{627BE677-A14A-4170-B90F-2058FCEF8B13}.Debug|x86.ActiveCfg = Debug|Win32
		{627BE677-A14A-4170-B90F-2058FCEF8B13}.Debug|x86.Build.0 = Debug|Win32
		{627BE677-A14A-4170-B90F-2058FCEF8B13}.Release|x64.ActiveCfg = Release|x64
		{627BE677-A14A-4170-B90F-2058FCEF8B13}.Release|x64.Build.0 = Release|x64
		{627BE677-A14A-4170-B90F-2058FCEF8B13}.Release|x86.ActiveCfg = Release|Win32
		{627BE677-A14A-4170-B90F-2058FCEF8B13}.Release|x86.Build.0 = Release|Win32
	EndGlobalSection
	GlobalSection(SolutionProperties) = preSolution
		HideSolutionNode = FALSE
	EndGlobalSection
	GlobalSection(ExtensibilityGlobals) = postSolution
		SolutionGuid = {2711F805-E67E-40FE-8951-BDF16856D251}
	EndGlobalSection
EndGlobal
